
Microsoft Visual Studio Solution File, Format Version 12.00
# Visual Studio 15
VisualStudioVersion = 15.0.27703.2018
MinimumVisualStudioVersion = 10.0.40219.1
Project("{FAE04EC0-301F-11D3-BF4B-00C04F79EFBC}") = "SnippingTool169", "SnippingTool169\SnippingTool169.csproj", "{7789F3D8-02C4-4E55-9B9C-3B30671617C0}"
EndProject
Global
	GlobalSection(SolutionConfigurationPlatforms) = preSolution
		Debug|Any CPU = Debug|Any CPU
		Release|Any CPU = Release|Any CPU
	EndGlobalSection
	GlobalSection(ProjectConfigurationPlatforms) = postSolution
		{7789F3D8-02C4-4E55-9B9C-3B30671617C0}.Debug|Any CPU.ActiveCfg = Debug|Any CPU
		{7789F3D8-02C4-4E55-9B9C-3B30671617C0}.Debug|Any CPU.Build.0 = Debug|Any CPU
		{7789F3D8-02C4-4E55-9B9C-3B30671617C0}.Release|Any CPU.ActiveCfg = Release|Any CPU
		{7789F3D8-02C4-4E55-9B9C-3B30671617C0}.Release|Any CPU.Build.0 = Release|Any CPU
	EndGlobalSection
	GlobalSection(SolutionProperties) = preSolution
		HideSolutionNode = FALSE
	EndGlobalSection
	GlobalSection(ExtensibilityGlobals) = postSolution
		SolutionGuid = {BCDAF49A-FF15-47C7-8B95-2E68136209D4}
	EndGlobalSection
EndGlobal
